
Microsoft Visual Studio Solution File, Format Version 12.00
# Visual Studio Version 17
VisualStudioVersion = 17.14.37012.4
MinimumVisualStudioVersion = 10.0.40219.1
Project("{FAE04EC0-301F-11D3-BF4B-00C04F79EFBC}") = "Backend.API", "Backend.API\Backend.API.csproj", "{F56EFA29-EF4E-423C-BDB5-A1BB2295264F}"
EndProject
Global
	GlobalSection(SolutionConfigurationPlatforms) = preSolution
		Debug|Any CPU = Debug|Any CPU
		Release|Any CPU = Release|Any CPU
	EndGlobalSection
	GlobalSection(ProjectConfigurationPlatforms) = postSolution
		{F56EFA29-EF4E-423C-BDB5-A1BB2295264F}.Debug|Any CPU.ActiveCfg = Debug|Any CPU
		{F56EFA29-EF4E-423C-BDB5-A1BB2295264F}.Debug|Any CPU.Build.0 = Debug|Any CPU
		{F56EFA29-EF4E-423C-BDB5-A1BB2295264F}.Release|Any CPU.ActiveCfg = Release|Any CPU
		{F56EFA29-EF4E-423C-BDB5-A1BB2295264F}.Release|Any CPU.Build.0 = Release|Any CPU
	EndGlobalSection
	GlobalSection(SolutionProperties) = preSolution
		HideSolutionNode = FALSE
	EndGlobalSection
	GlobalSection(ExtensibilityGlobals) = postSolution
		SolutionGuid = {8163D370-D696-495B-9F0B-67ADCD73317C}
	EndGlobalSection
EndGlobal
